
Microsoft Visual Studio Solution File, Format Version 12.00
# Visual Studio 15
VisualStudioVersion = 15.0.27428.2027
MinimumVisualStudioVersion = 10.0.40219.1
Project("{FAE04EC0-301F-11D3-BF4B-00C04F79EFBC}") = "Man_of_the_Match.Android", "Man_of_the_Match\Man_of_the_Match.Android\Man_of_the_Match.Android.csproj", "{1D4D061A-3BA8-4796-999A-04478D7A4CD1}"
EndProject
Project("{FAE04EC0-301F-11D3-BF4B-00C04F79EFBC}") = "Man_of_the_Match.iOS", "Man_of_the_Match\Man_of_the_Match.iOS\Man_of_the_Match.iOS.csproj", "{A0A3FF48-0494-40B4-958C-39E029439F0B}"
EndProject
Project("{D954291E-2A0B-460D-934E-DC6B0785DB48}") = "Man_of_the_Match", "Man_of_the_Match\Man_of_the_Match\Man_of_the_Match.shproj", "{BF59517A-0E80-46AB-BFAC-76D69D0A7E4D}"
EndProject
Global
	GlobalSection(SharedMSBuildProjectFiles) = preSolution
		Man_of_the_Match\Man_of_the_Match\Man_of_the_Match.projitems*{1d4d061a-3ba8-4796-999a-04478d7a4cd1}*SharedItemsImports = 4
		Man_of_the_Match\Man_of_the_Match\Man_of_the_Match.projitems*{a0a3ff48-0494-40b4-958c-39e029439f0b}*SharedItemsImports = 4
		Man_of_the_Match\Man_of_the_Match\Man_of_the_Match.projitems*{bf59517a-0e80-46ab-bfac-76d69d0a7e4d}*SharedItemsImports = 13
	EndGlobalSection
	GlobalSection(SolutionConfigurationPlatforms) = preSolution
		Ad-Hoc|Any CPU = Ad-Hoc|Any CPU
		Ad-Hoc|iPhone = Ad-Hoc|iPhone
		Ad-Hoc|iPhoneSimulator = Ad-Hoc|iPhoneSimulator
		AppStore|Any CPU = AppStore|Any CPU
		AppStore|iPhone = AppStore|iPhone
		AppStore|iPhoneSimulator = AppStore|iPhoneSimulator
		Debug|Any CPU = Debug|Any CPU
		Debug|iPhone = Debug|iPhone
		Debug|iPhoneSimulator = Debug|iPhoneSimulator
		Release|Any CPU = Release|Any CPU
		Release|iPhone = Release|iPhone
		Release|iPhoneSimulator = Release|iPhoneSimulator
	EndGlobalSection
	GlobalSection(ProjectConfigurationPlatforms) = postSolution
		{1D4D061A-3BA8-4796-999A-04478D7A4CD1}.Ad-Hoc|Any CPU.ActiveCfg = Release|Any CPU
		{1D4D061A-3BA8-4796-999A-04478D7A4CD1}.Ad-Hoc|Any CPU.Build.0 = Release|Any CPU
		{1D4D061A-3BA8-4796-999A-04478D7A4CD1}.Ad-Hoc|Any CPU.Deploy.0 = Release|Any CPU
		{1D4D061A-3BA8-4796-999A-04478D7A4CD1}.Ad-Hoc|iPhone.ActiveCfg = Release|Any CPU
		{1D4D061A-3BA8-4796-999A-04478D7A4CD1}.Ad-Hoc|iPhone.Build.0 = Release|Any CPU
		{1D4D061A-3BA8-4796-999A-04478D7A4CD1}.Ad-Hoc|iPhone.Deploy.0 = Release|Any CPU
		{1D4D061A-3BA8-4796-999A-04478D7A4CD1}.Ad-Hoc|iPhoneSimulator.ActiveCfg = Release|Any CPU
		{1D4D061A-3BA8-4796-999A-04478D7A4CD1}.Ad-Hoc|iPhoneSimulator.Build.0 = Release|Any CPU
		{1D4D061A-3BA8-4796-999A-04478D7A4CD1}.Ad-Hoc|iPhoneSimulator.Deploy.0 = Release|Any CPU
		{1D4D061A-3BA8-4796-999A-04478D7A4CD1}.AppStore|Any CPU.ActiveCfg = Release|Any CPU
		{1D4D061A-3BA8-4796-999A-04478D7A4CD1}.AppStore|Any CPU.Build.0 = Release|Any CPU
		{1D4D061A-3BA8-4796-999A-04478D7A4CD1}.AppStore|Any CPU.Deploy.0 = Release|Any CPU
		{1D4D061A-3BA8-4796-999A-04478D7A4CD1}.AppStore|iPhone.ActiveCfg = Release|Any CPU
		{1D4D061A-3BA8-4796-999A-04478D7A4CD1}.AppStore|iPhone.Build.0 = Release|Any CPU
		{1D4D061A-3BA8-4796-999A-04478D7A4CD1}.AppStore|iPhone.Deploy.0 = Release|Any CPU
		{1D4D061A-3BA8-4796-999A-04478D7A4CD1}.AppStore|iPhoneSimulator.ActiveCfg = Release|Any CPU
		{1D4D061A-3BA8-4796-999A-04478D7A4CD1}.AppStore|iPhoneSimulator.Build.0 = Release|Any CPU
		{1D4D061A-3BA8-4796-999A-04478D7A4CD1}.AppStore|iPhoneSimulator.Deploy.0 = Release|Any CPU
		{1D4D061A-3BA8-4796-999A-04478D7A4CD1}.Debug|Any CPU.ActiveCfg = Debug|Any CPU
		{1D4D061A-3BA8-4796-999A-04478D7A4CD1}.Debug|Any CPU.Build.0 = Debug|Any CPU
		{1D4D061A-3BA8-4796-999A-04478D7A4CD1}.Debug|Any CPU.Deploy.0 = Debug|Any CPU
		{1D4D061A-3BA8-4796-999A-04478D7A4CD1}.Debug|iPhone.ActiveCfg = Debug|Any CPU
		{1D4D061A-3BA8-4796-999A-04478D7A4CD1}.Debug|iPhone.Build.0 = Debug|Any CPU
		{1D4D061A-3BA8-4796-999A-04478D7A4CD1}.Debug|iPhone.Deploy.0 = Debug|Any CPU
		{1D4D061A-3BA8-4796-999A-04478D7A4CD1}.Debug|iPhoneSimulator.ActiveCfg = Debug|Any CPU
		{1D4D061A-3BA8-4796-999A-04478D7A4CD1}.Debug|iPhoneSimulator.Build.0 = Debug|Any CPU
		{1D4D061A-3BA8-4796-999A-04478D7A4CD1}.Debug|iPhoneSimulator.Deploy.0 = Debug|Any CPU
		{1D4D061A-3BA8-4796-999A-04478D7A4CD1}.Release|Any CPU.ActiveCfg = Release|Any CPU
		{1D4D061A-3BA8-4796-999A-04478D7A4CD1}.Release|Any CPU.Build.0 = Release|Any CPU
		{1D4D061A-3BA8-4796-999A-04478D7A4CD1}.Release|Any CPU.Deploy.0 = Release|Any CPU
		{1D4D061A-3BA8-4796-999A-04478D7A4CD1}.Release|iPhone.ActiveCfg = Release|Any CPU
		{1D4D061A-3BA8-4796-999A-04478D7A4CD1}.Release|iPhone.Build.0 = Release|Any CPU
		{1D4D061A-3BA8-4796-999A-04478D7A4CD1}.Release|iPhone.Deploy.0 = Release|Any CPU
		{1D4D061A-3BA8-4796-999A-04478D7A4CD1}.Release|iPhoneSimulator.ActiveCfg = Release|Any CPU
		{1D4D061A-3BA8-4796-999A-04478D7A4CD1}.Release|iPhoneSimulator.Build.0 = Release|Any CPU
		{1D4D061A-3BA8-4796-999A-04478D7A4CD1}.Release|iPhoneSimulator.Deploy.0 = Release|Any CPU
		{A0A3FF48-0494-40B4-958C-39E029439F0B}.Ad-Hoc|Any CPU.ActiveCfg = Ad-Hoc|iPhone
		{A0A3FF48-0494-40B4-958C-39E029439F0B}.Ad-Hoc|iPhone.ActiveCfg = Ad-Hoc|iPhone
		{A0A3FF48-0494-40B4-958C-39E029439F0B}.Ad-Hoc|iPhone.Build.0 = Ad-Hoc|iPhone
		{A0A3FF48-0494-40B4-958C-39E029439F0B}.Ad-Hoc|iPhoneSimulator.ActiveCfg = Ad-Hoc|iPhoneSimulator
		{A0A3FF48-0494-40B4-958C-39E029439F0B}.Ad-Hoc|iPhoneSimulator.Build.0 = Ad-Hoc|iPhoneSimulator
		{A0A3FF48-0494-40B4-958C-39E029439F0B}.AppStore|Any CPU.ActiveCfg = AppStore|iPhone
		{A0A3FF48-0494-40B4-958C-39E029439F0B}.AppStore|iPhone.ActiveCfg = AppStore|iPhone
		{A0A3FF48-0494-40B4-958C-39E029439F0B}.AppStore|iPhone.Build.0 = AppStore|iPhone
		{A0A3FF48-0494-40B4-958C-39E029439F0B}.AppStore|iPhoneSimulator.ActiveCfg = AppStore|iPhoneSimulator
		{A0A3FF48-0494-40B4-958C-39E029439F0B}.AppStore|iPhoneSimulator.Build.0 = AppStore|iPhoneSimulator
		{A0A3FF48-0494-40B4-958C-39E029439F0B}.Debug|Any CPU.ActiveCfg = Debug|iPhone
		{A0A3FF48-0494-40B4-958C-39E029439F0B}.Debug|iPhone.ActiveCfg = Debug|iPhone
		{A0A3FF48-0494-40B4-958C-39E029439F0B}.Debug|iPhone.Build.0 = Debug|iPhone
		{A0A3FF48-0494-40B4-958C-39E029439F0B}.Debug|iPhoneSimulator.ActiveCfg = Debug|iPhoneSimulator
		{A0A3FF48-0494-40B4-958C-39E029439F0B}.Debug|iPhoneSimulator.Build.0 = Debug|iPhoneSimulator
		{A0A3FF48-0494-40B4-958C-39E029439F0B}.Release|Any CPU.ActiveCfg = Release|iPhone
		{A0A3FF48-0494-40B4-958C-39E029439F0B}.Release|iPhone.ActiveCfg = Release|iPhone
		{A0A3FF48-0494-40B4-958C-39E029439F0B}.Release|iPhone.Build.0 = Release|iPhone
		{A0A3FF48-0494-40B4-958C-39E029439F0B}.Release|iPhoneSimulator.ActiveCfg = Release|iPhoneSimulator
		{A0A3FF48-0494-40B4-958C-39E029439F0B}.Release|iPhoneSimulator.Build.0 = Release|iPhoneSimulator
	EndGlobalSection
	GlobalSection(SolutionProperties) = preSolution
		HideSolutionNode = FALSE
	EndGlobalSection
	GlobalSection(ExtensibilityGlobals) = postSolution
		SolutionGuid = {FDE42D96-1012-49E6-9DB4-E3B9FC875C40}
	EndGlobalSection
EndGlobal
